<Solution>
  <Folder Name="/src/">
    <Project Path="src/Gafel.API/Gafel.API.csproj" Id="9367988d-dab9-406c-8912-d97458eb4563" />
    <Project Path="src/Gafel.Application/Gafel.Application.csproj" Id="3b4dc13e-7919-41e8-9455-699b2686ad9e" />
    <Project Path="src/Gafel.Domain/Gafel.Domain.csproj" Id="5948ddef-af0f-4dd2-b82c-3f8c88ad6cdd" />
    <Project Path="src/Gafel.Infrastructure/Gafel.Infrastructure.csproj" Id="f654bc0e-e9a5-4ac0-8941-c363259d0285" />
  </Folder>
  <Folder Name="/tests/">
    <Project Path="tests/CommonTestUtilities/CommonTestUtilities.csproj" Id="b1312004-997a-4b20-a899-a7970591abc8" />
    <Project Path="tests/Validators.Test/Validators.Test.csproj" Id="1dd23f98-432a-41c7-98fa-883a41525e04" />
  </Folder>
</Solution>
