
Microsoft Visual Studio Solution File, Format Version 12.00
# Visual Studio Version 18
VisualStudioVersion = 18.4.11605.240
MinimumVisualStudioVersion = 10.0.40219.1
Project("{2150E333-8FDC-42A3-9474-1A3956D46DE8}") = "src", "src", "{827E0CD3-B72D-47B6-A68D-7590B98EB39B}"
EndProject
Project("{FAE04EC0-301F-11D3-BF4B-00C04F79EFBC}") = "Gafel.API", "src\Gafel.API\Gafel.API.csproj", "{82331B88-BB0C-470F-B055-5272A5E3C8D5}"
EndProject
Project("{FAE04EC0-301F-11D3-BF4B-00C04F79EFBC}") = "Gafel.Application", "src\Gafel.Application\Gafel.Application.csproj", "{C63F58D6-6D60-47F9-A1BA-CD476DC8D0CF}"
EndProject
Project("{FAE04EC0-301F-11D3-BF4B-00C04F79EFBC}") = "Gafel.Domain", "src\Gafel.Domain\Gafel.Domain.csproj", "{93353FA9-1423-4EDC-811C-11840CE8217F}"
EndProject
Project("{FAE04EC0-301F-11D3-BF4B-00C04F79EFBC}") = "Gafel.Infrastructure", "src\Gafel.Infrastructure\Gafel.Infrastructure.csproj", "{61E1A3A5-7204-45DF-A18A-97CC4034B3F2}"
EndProject
Project("{2150E333-8FDC-42A3-9474-1A3956D46DE8}") = "tests", "tests", "{0AB3BF05-4346-4AA6-1389-037BE0695223}"
EndProject
Project("{FAE04EC0-301F-11D3-BF4B-00C04F79EFBC}") = "CommonTestUtilities", "tests\CommonTestUtilities\CommonTestUtilities.csproj", "{BDEFA0C3-1C2F-41F3-8C1C-8C8DE01429B0}"
EndProject
Project("{FAE04EC0-301F-11D3-BF4B-00C04F79EFBC}") = "Validators.Test", "tests\Validators.Test\Validators.Test.csproj", "{CAE73D43-EF6A-43D8-AA10-7220B34F34B9}"
EndProject
Project("{FAE04EC0-301F-11D3-BF4B-00C04F79EFBC}") = "UseCases.Test", "tests\UseCases.Test\UseCases.Test.csproj", "{7E78C508-5CF1-469F-93B2-D3E10105B9F0}"
EndProject
Project("{FAE04EC0-301F-11D3-BF4B-00C04F79EFBC}") = "WebAPI.Test", "tests\WebAPI.Test\WebAPI.Test.csproj", "{9494BE71-9749-40F0-B91A-34E0EAA8D35D}"
EndProject
Global
	GlobalSection(SolutionConfigurationPlatforms) = preSolution
		Debug|Any CPU = Debug|Any CPU
		Debug|x64 = Debug|x64
		Debug|x86 = Debug|x86
		Release|Any CPU = Release|Any CPU
		Release|x64 = Release|x64
		Release|x86 = Release|x86
	EndGlobalSection
	GlobalSection(ProjectConfigurationPlatforms) = postSolution
		{82331B88-BB0C-470F-B055-5272A5E3C8D5}.Debug|Any CPU.ActiveCfg = Debug|Any CPU
		{82331B88-BB0C-470F-B055-5272A5E3C8D5}.Debug|Any CPU.Build.0 = Debug|Any CPU
		{82331B88-BB0C-470F-B055-5272A5E3C8D5}.Debug|x64.ActiveCfg = Debug|Any CPU
		{82331B88-BB0C-470F-B055-5272A5E3C8D5}.Debug|x64.Build.0 = Debug|Any CPU
		{82331B88-BB0C-470F-B055-5272A5E3C8D5}.Debug|x86.ActiveCfg = Debug|Any CPU
		{82331B88-BB0C-470F-B055-5272A5E3C8D5}.Debug|x86.Build.0 = Debug|Any CPU
		{82331B88-BB0C-470F-B055-5272A5E3C8D5}.Release|Any CPU.ActiveCfg = Release|Any CPU
		{82331B88-BB0C-470F-B055-5272A5E3C8D5}.Release|Any CPU.Build.0 = Release|Any CPU
		{82331B88-BB0C-470F-B055-5272A5E3C8D5}.Release|x64.ActiveCfg = Release|Any CPU
		{82331B88-BB0C-470F-B055-5272A5E3C8D5}.Release|x64.Build.0 = Release|Any CPU
		{82331B88-BB0C-470F-B055-5272A5E3C8D5}.Release|x86.ActiveCfg = Release|Any CPU
		{82331B88-BB0C-470F-B055-5272A5E3C8D5}.Release|x86.Build.0 = Release|Any CPU
		{C63F58D6-6D60-47F9-A1BA-CD476DC8D0CF}.Debug|Any CPU.ActiveCfg = Debug|Any CPU
		{C63F58D6-6D60-47F9-A1BA-CD476DC8D0CF}.Debug|Any CPU.Build.0 = Debug|Any CPU
		{C63F58D6-6D60-47F9-A1BA-CD476DC8D0CF}.Debug|x64.ActiveCfg = Debug|Any CPU
		{C63F58D6-6D60-47F9-A1BA-CD476DC8D0CF}.Debug|x64.Build.0 = Debug|Any CPU
		{C63F58D6-6D60-47F9-A1BA-CD476DC8D0CF}.Debug|x86.ActiveCfg = Debug|Any CPU
		{C63F58D6-6D60-47F9-A1BA-CD476DC8D0CF}.Debug|x86.Build.0 = Debug|Any CPU
		{C63F58D6-6D60-47F9-A1BA-CD476DC8D0CF}.Release|Any CPU.ActiveCfg = Release|Any CPU
		{C63F58D6-6D60-47F9-A1BA-CD476DC8D0CF}.Release|Any CPU.Build.0 = Release|Any CPU
		{C63F58D6-6D60-47F9-A1BA-CD476DC8D0CF}.Release|x64.ActiveCfg = Release|Any CPU
		{C63F58D6-6D60-47F9-A1BA-CD476DC8D0CF}.Release|x64.Build.0 = Release|Any CPU
		{C63F58D6-6D60-47F9-A1BA-CD476DC8D0CF}.Release|x86.ActiveCfg = Release|Any CPU
		{C63F58D6-6D60-47F9-A1BA-CD476DC8D0CF}.Release|x86.Build.0 = Release|Any CPU
		{93353FA9-1423-4EDC-811C-11840CE8217F}.Debug|Any CPU.ActiveCfg = Debug|Any CPU
		{93353FA9-1423-4EDC-811C-11840CE8217F}.Debug|Any CPU.Build.0 = Debug|Any CPU
		{93353FA9-1423-4EDC-811C-11840CE8217F}.Debug|x64.ActiveCfg = Debug|Any CPU
		{93353FA9-1423-4EDC-811C-11840CE8217F}.Debug|x64.Build.0 = Debug|Any CPU
		{93353FA9-1423-4EDC-811C-11840CE8217F}.Debug|x86.ActiveCfg = Debug|Any CPU
		{93353FA9-1423-4EDC-811C-11840CE8217F}.Debug|x86.Build.0 = Debug|Any CPU
		{93353FA9-1423-4EDC-811C-11840CE8217F}.Release|Any CPU.ActiveCfg = Release|Any CPU
		{93353FA9-1423-4EDC-811C-11840CE8217F}.Release|Any CPU.Build.0 = Release|Any CPU
		{93353FA9-1423-4EDC-811C-11840CE8217F}.Release|x64.ActiveCfg = Release|Any CPU
		{93353FA9-1423-4EDC-811C-11840CE8217F}.Release|x64.Build.0 = Release|Any CPU
		{93353FA9-1423-4EDC-811C-11840CE8217F}.Release|x86.ActiveCfg = Release|Any CPU
		{93353FA9-1423-4EDC-811C-11840CE8217F}.Release|x86.Build.0 = Release|Any CPU
		{61E1A3A5-7204-45DF-A18A-97CC4034B3F2}.Debug|Any CPU.ActiveCfg = Debug|Any CPU
		{61E1A3A5-7204-45DF-A18A-97CC4034B3F2}.Debug|Any CPU.Build.0 = Debug|Any CPU
		{61E1A3A5-7204-45DF-A18A-97CC4034B3F2}.Debug|x64.ActiveCfg = Debug|Any CPU
		{61E1A3A5-7204-45DF-A18A-97CC4034B3F2}.Debug|x64.Build.0 = Debug|Any CPU
		{61E1A3A5-7204-45DF-A18A-97CC4034B3F2}.Debug|x86.ActiveCfg = Debug|Any CPU
		{61E1A3A5-7204-45DF-A18A-97CC4034B3F2}.Debug|x86.Build.0 = Debug|Any CPU
		{61E1A3A5-7204-45DF-A18A-97CC4034B3F2}.Release|Any CPU.ActiveCfg = Release|Any CPU
		{61E1A3A5-7204-45DF-A18A-97CC4034B3F2}.Release|Any CPU.Build.0 = Release|Any CPU
		{61E1A3A5-7204-45DF-A18A-97CC4034B3F2}.Release|x64.ActiveCfg = Release|Any CPU
		{61E1A3A5-7204-45DF-A18A-97CC4034B3F2}.Release|x64.Build.0 = Release|Any CPU
		{61E1A3A5-7204-45DF-A18A-97CC4034B3F2}.Release|x86.ActiveCfg = Release|Any CPU
		{61E1A3A5-7204-45DF-A18A-97CC4034B3F2}.Release|x86.Build.0 = Release|Any CPU
		{BDEFA0C3-1C2F-41F3-8C1C-8C8DE01429B0}.Debug|Any CPU.ActiveCfg = Debug|Any CPU
		{BDEFA0C3-1C2F-41F3-8C1C-8C8DE01429B0}.Debug|Any CPU.Build.0 = Debug|Any CPU
		{BDEFA0C3-1C2F-41F3-8C1C-8C8DE01429B0}.Debug|x64.ActiveCfg = Debug|Any CPU
		{BDEFA0C3-1C2F-41F3-8C1C-8C8DE01429B0}.Debug|x64.Build.0 = Debug|Any CPU
		{BDEFA0C3-1C2F-41F3-8C1C-8C8DE01429B0}.Debug|x86.ActiveCfg = Debug|Any CPU
		{BDEFA0C3-1C2F-41F3-8C1C-8C8DE01429B0}.Debug|x86.Build.0 = Debug|Any CPU
		{BDEFA0C3-1C2F-41F3-8C1C-8C8DE01429B0}.Release|Any CPU.ActiveCfg = Release|Any CPU
		{BDEFA0C3-1C2F-41F3-8C1C-8C8DE01429B0}.Release|Any CPU.Build.0 = Release|Any CPU
		{BDEFA0C3-1C2F-41F3-8C1C-8C8DE01429B0}.Release|x64.ActiveCfg = Release|Any CPU
		{BDEFA0C3-1C2F-41F3-8C1C-8C8DE01429B0}.Release|x64.Build.0 = Release|Any CPU
		{BDEFA0C3-1C2F-41F3-8C1C-8C8DE01429B0}.Release|x86.ActiveCfg = Release|Any CPU
		{BDEFA0C3-1C2F-41F3-8C1C-8C8DE01429B0}.Release|x86.Build.0 = Release|Any CPU
		{CAE73D43-EF6A-43D8-AA10-7220B34F34B9}.Debug|Any CPU.ActiveCfg = Debug|Any CPU
		{CAE73D43-EF6A-43D8-AA10-7220B34F34B9}.Debug|Any CPU.Build.0 = Debug|Any CPU
		{CAE73D43-EF6A-43D8-AA10-7220B34F34B9}.Debug|x64.ActiveCfg = Debug|Any CPU
		{CAE73D43-EF6A-43D8-AA10-7220B34F34B9}.Debug|x64.Build.0 = Debug|Any CPU
		{CAE73D43-EF6A-43D8-AA10-7220B34F34B9}.Debug|x86.ActiveCfg = Debug|Any CPU
		{CAE73D43-EF6A-43D8-AA10-7220B34F34B9}.Debug|x86.Build.0 = Debug|Any CPU
		{CAE73D43-EF6A-43D8-AA10-7220B34F34B9}.Release|Any CPU.ActiveCfg = Release|Any CPU
		{CAE73D43-EF6A-43D8-AA10-7220B34F34B9}.Release|Any CPU.Build.0 = Release|Any CPU
		{CAE73D43-EF6A-43D8-AA10-7220B34F34B9}.Release|x64.ActiveCfg = Release|Any CPU
		{CAE73D43-EF6A-43D8-AA10-7220B34F34B9}.Release|x64.Build.0 = Release|Any CPU
		{CAE73D43-EF6A-43D8-AA10-7220B34F34B9}.Release|x86.ActiveCfg = Release|Any CPU
		{CAE73D43-EF6A-43D8-AA10-7220B34F34B9}.Release|x86.Build.0 = Release|Any CPU
		{7E78C508-5CF1-469F-93B2-D3E10105B9F0}.Debug|Any CPU.ActiveCfg = Debug|Any CPU
		{7E78C508-5CF1-469F-93B2-D3E10105B9F0}.Debug|Any CPU.Build.0 = Debug|Any CPU
		{7E78C508-5CF1-469F-93B2-D3E10105B9F0}.Debug|x64.ActiveCfg = Debug|Any CPU
		{7E78C508-5CF1-469F-93B2-D3E10105B9F0}.Debug|x64.Build.0 = Debug|Any CPU
		{7E78C508-5CF1-469F-93B2-D3E10105B9F0}.Debug|x86.ActiveCfg = Debug|Any CPU
		{7E78C508-5CF1-469F-93B2-D3E10105B9F0}.Debug|x86.Build.0 = Debug|Any CPU
		{7E78C508-5CF1-469F-93B2-D3E10105B9F0}.Release|Any CPU.ActiveCfg = Release|Any CPU
		{7E78C508-5CF1-469F-93B2-D3E10105B9F0}.Release|Any CPU.Build.0 = Release|Any CPU
		{7E78C508-5CF1-469F-93B2-D3E10105B9F0}.Release|x64.ActiveCfg = Release|Any CPU
		{7E78C508-5CF1-469F-93B2-D3E10105B9F0}.Release|x64.Build.0 = Release|Any CPU
		{7E78C508-5CF1-469F-93B2-D3E10105B9F0}.Release|x86.ActiveCfg = Release|Any CPU
		{7E78C508-5CF1-469F-93B2-D3E10105B9F0}.Release|x86.Build.0 = Release|Any CPU
		{9494BE71-9749-40F0-B91A-34E0EAA8D35D}.Debug|Any CPU.ActiveCfg = Debug|Any CPU
		{9494BE71-9749-40F0-B91A-34E0EAA8D35D}.Debug|Any CPU.Build.0 = Debug|Any CPU
		{9494BE71-9749-40F0-B91A-34E0EAA8D35D}.Debug|x64.ActiveCfg = Debug|Any CPU
		{9494BE71-9749-40F0-B91A-34E0EAA8D35D}.Debug|x64.Build.0 = Debug|Any CPU
		{9494BE71-9749-40F0-B91A-34E0EAA8D35D}.Debug|x86.ActiveCfg = Debug|Any CPU
		{9494BE71-9749-40F0-B91A-34E0EAA8D35D}.Debug|x86.Build.0 = Debug|Any CPU
		{9494BE71-9749-40F0-B91A-34E0EAA8D35D}.Release|Any CPU.ActiveCfg = Release|Any CPU
		{9494BE71-9749-40F0-B91A-34E0EAA8D35D}.Release|Any CPU.Build.0 = Release|Any CPU
		{9494BE71-9749-40F0-B91A-34E0EAA8D35D}.Release|x64.ActiveCfg = Release|Any CPU
		{9494BE71-9749-40F0-B91A-34E0EAA8D35D}.Release|x64.Build.0 = Release|Any CPU
		{9494BE71-9749-40F0-B91A-34E0EAA8D35D}.Release|x86.ActiveCfg = Release|Any CPU
		{9494BE71-9749-40F0-B91A-34E0EAA8D35D}.Release|x86.Build.0 = Release|Any CPU
	EndGlobalSection
	GlobalSection(SolutionProperties) = preSolution
		HideSolutionNode = FALSE
	EndGlobalSection
	GlobalSection(NestedProjects) = preSolution
		{82331B88-BB0C-470F-B055-5272A5E3C8D5} = {827E0CD3-B72D-47B6-A68D-7590B98EB39B}
		{C63F58D6-6D60-47F9-A1BA-CD476DC8D0CF} = {827E0CD3-B72D-47B6-A68D-7590B98EB39B}
		{93353FA9-1423-4EDC-811C-11840CE8217F} = {827E0CD3-B72D-47B6-A68D-7590B98EB39B}
		{61E1A3A5-7204-45DF-A18A-97CC4034B3F2} = {827E0CD3-B72D-47B6-A68D-7590B98EB39B}
		{BDEFA0C3-1C2F-41F3-8C1C-8C8DE01429B0} = {0AB3BF05-4346-4AA6-1389-037BE0695223}
		{CAE73D43-EF6A-43D8-AA10-7220B34F34B9} = {0AB3BF05-4346-4AA6-1389-037BE0695223}
		{7E78C508-5CF1-469F-93B2-D3E10105B9F0} = {0AB3BF05-4346-4AA6-1389-037BE0695223}
		{9494BE71-9749-40F0-B91A-34E0EAA8D35D} = {0AB3BF05-4346-4AA6-1389-037BE0695223}
	EndGlobalSection
EndGlobal
